// !$*UTF8*$!
{
	archiveVersion = 1;
	classes = {
	};
	objectVersion = 46;
	objects = {

/* Begin PBXBuildFile section */
		A216E4CF177E263D00EBFC66 /* MapKit.framework in Frameworks */ = {isa = PBXBuildFile; fileRef = A216E4CE177E263D00EBFC66 /* MapKit.framework */; };
		A216E4D2177E4A7900EBFC66 /* BNRMapPoint.m in Sources */ = {isa = PBXBuildFile; fileRef = A216E4D1177E4A7900EBFC66 /* BNRMapPoint.m */; };
		A2398E9C177C9A4F0006940D /* UIKit.framework in Frameworks */ = {isa = PBXBuildFile; fileRef = A2398E9B177C9A4F0006940D /* UIKit.framework */; };
		A2398E9E177C9A4F0006940D /* Foundation.framework in Frameworks */ = {isa = PBXBuildFile; fileRef = A2398E9D177C9A4F0006940D /* Foundation.framework */; };
		A2398EA0177C9A4F0006940D /* CoreGraphics.framework in Frameworks */ = {isa = PBXBuildFile; fileRef = A2398E9F177C9A4F0006940D /* CoreGraphics.framework */; };
		A2398EA6177C9A4F0006940D /* InfoPlist.strings in Resources */ = {isa = PBXBuildFile; fileRef = A2398EA4177C9A4F0006940D /* InfoPlist.strings */; };
		A2398EA8177C9A4F0006940D /* main.m in Sources */ = {isa = PBXBuildFile; fileRef = A2398EA7177C9A4F0006940D /* main.m */; };
		A2398EAC177C9A4F0006940D /* WhereamiAppDelegate.m in Sources */ = {isa = PBXBuildFile; fileRef = A2398EAB177C9A4F0006940D /* WhereamiAppDelegate.m */; };
		A2398EAE177C9A4F0006940D /* Default.png in Resources */ = {isa = PBXBuildFile; fileRef = A2398EAD177C9A4F0006940D /* Default.png */; };
		A2398EB0177C9A4F0006940D /* Default@2x.png in Resources */ = {isa = PBXBuildFile; fileRef = A2398EAF177C9A4F0006940D /* Default@2x.png */; };
		A2398EB2177C9A4F0006940D /* Default-568h@2x.png in Resources */ = {isa = PBXBuildFile; fileRef = A2398EB1177C9A4F0006940D /* Default-568h@2x.png */; };
		A2398EB5177C9A4F0006940D /* WhereamiViewController.m in Sources */ = {isa = PBXBuildFile; fileRef = A2398EB4177C9A4F0006940D /* WhereamiViewController.m */; };
		A2398EB8177C9A4F0006940D /* WhereamiViewController.xib in Resources */ = {isa = PBXBuildFile; fileRef = A2398EB6177C9A4F0006940D /* WhereamiViewController.xib */; };
		A2501AAA177E1A0A009AB272 /* CoreLocation.framework in Frameworks */ = {isa = PBXBuildFile; fileRef = A2501AA9177E1A0A009AB272 /* CoreLocation.framework */; };
		A279A847179362A600E59021 /* WhereamiViewController~ipad.xib in Resources */ = {isa = PBXBuildFile; fileRef = A279A846179362A600E59021 /* WhereamiViewController~ipad.xib */; };
/* End PBXBuildFile section */

/* Begin PBXFileReference section */
		A216E4CE177E263D00EBFC66 /* MapKit.framework */ = {isa = PBXFileReference; lastKnownFileType = wrapper.framework; name = MapKit.framework; path = System/Library/Frameworks/MapKit.framework; sourceTree = SDKROOT; };
		A216E4D0177E4A7900EBFC66 /* BNRMapPoint.h */ = {isa = PBXFileReference; fileEncoding = 4; lastKnownFileType = sourcecode.c.h; path = BNRMapPoint.h; sourceTree = "<group>"; };
		A216E4D1177E4A7900EBFC66 /* BNRMapPoint.m */ = {isa = PBXFileReference; fileEncoding = 4; lastKnownFileType = sourcecode.c.objc; path = BNRMapPoint.m; sourceTree = "<group>"; };
		A2398E98177C9A4F0006940D /* Whereami.app */ = {isa = PBXFileReference; explicitFileType = wrapper.application; includeInIndex = 0; path = Whereami.app; sourceTree = BUILT_PRODUCTS_DIR; };
		A2398E9B177C9A4F0006940D /* UIKit.framework */ = {isa = PBXFileReference; lastKnownFileType = wrapper.framework; name = UIKit.framework; path = System/Library/Frameworks/UIKit.framework; sourceTree = SDKROOT; };
		A2398E9D177C9A4F0006940D /* Foundation.framework */ = {isa = PBXFileReference; lastKnownFileType = wrapper.framework; name = Foundation.framework; path = System/Library/Frameworks/Foundation.framework; sourceTree = SDKROOT; };
		A2398E9F177C9A4F0006940D /* CoreGraphics.framework */ = {isa = PBXFileReference; lastKnownFileType = wrapper.framework; name = CoreGraphics.framework; path = System/Library/Frameworks/CoreGraphics.framework; sourceTree = SDKROOT; };
		A2398EA3177C9A4F0006940D /* Whereami-Info.plist */ = {isa = PBXFileReference; lastKnownFileType = text.plist.xml; path = "Whereami-Info.plist"; sourceTree = "<group>"; };
		A2398EA5177C9A4F0006940D /* en */ = {isa = PBXFileReference; lastKnownFileType = text.plist.strings; name = en; path = en.lproj/InfoPlist.strings; sourceTree = "<group>"; };
		A2398EA7177C9A4F0006940D /* main.m */ = {isa = PBXFileReference; lastKnownFileType = sourcecode.c.objc; path = main.m; sourceTree = "<group>"; };
		A2398EA9177C9A4F0006940D /* Whereami-Prefix.pch */ = {isa = PBXFileReference; lastKnownFileType = sourcecode.c.h; path = "Whereami-Prefix.pch"; sourceTree = "<group>"; };
		A2398EAA177C9A4F0006940D /* WhereamiAppDelegate.h */ = {isa = PBXFileReference; lastKnownFileType = sourcecode.c.h; path = WhereamiAppDelegate.h; sourceTree = "<group>"; };
		A2398EAB177C9A4F0006940D /* WhereamiAppDelegate.m */ = {isa = PBXFileReference; lastKnownFileType = sourcecode.c.objc; path = WhereamiAppDelegate.m; sourceTree = "<group>"; };
		A2398EAD177C9A4F0006940D /* Default.png */ = {isa = PBXFileReference; lastKnownFileType = image.png; path = Default.png; sourceTree = "<group>"; };
		A2398EAF177C9A4F0006940D /* Default@2x.png */ = {isa = PBXFileReference; lastKnownFileType = image.png; path = "Default@2x.png"; sourceTree = "<group>"; };
		A2398EB1177C9A4F0006940D /* Default-568h@2x.png */ = {isa = PBXFileReference; lastKnownFileType = image.png; path = "Default-568h@2x.png"; sourceTree = "<group>"; };
		A2398EB3177C9A4F0006940D /* WhereamiViewController.h */ = {isa = PBXFileReference; lastKnownFileType = sourcecode.c.h; path = WhereamiViewController.h; sourceTree = "<group>"; };
		A2398EB4177C9A4F0006940D /* WhereamiViewController.m */ = {isa = PBXFileReference; lastKnownFileType = sourcecode.c.objc; path = WhereamiViewController.m; sourceTree = "<group>"; };
		A2398EB7177C9A4F0006940D /* en */ = {isa = PBXFileReference; lastKnownFileType = file.xib; name = en; path = en.lproj/WhereamiViewController.xib; sourceTree = "<group>"; };
		A2501AA9177E1A0A009AB272 /* CoreLocation.framework */ = {isa = PBXFileReference; lastKnownFileType = wrapper.framework; name = CoreLocation.framework; path = System/Library/Frameworks/CoreLocation.framework; sourceTree = SDKROOT; };
		A279A846179362A600E59021 /* WhereamiViewController~ipad.xib */ = {isa = PBXFileReference; fileEncoding = 4; lastKnownFileType = file.xib; path = "WhereamiViewController~ipad.xib"; sourceTree = "<group>"; };
/* End PBXFileReference section */

/* Begin PBXFrameworksBuildPhase section */
		A2398E95177C9A4F0006940D /* Frameworks */ = {
			isa = PBXFrameworksBuildPhase;
			buildActionMask = 2147483647;
			files = (
				A216E4CF177E263D00EBFC66 /* MapKit.framework in Frameworks */,
				A2501AAA177E1A0A009AB272 /* CoreLocation.framework in Frameworks */,
				A2398E9C177C9A4F0006940D /* UIKit.framework in Frameworks */,
				A2398E9E177C9A4F0006940D /* Foundation.framework in Frameworks */,
				A2398EA0177C9A4F0006940D /* CoreGraphics.framework in Frameworks */,
			);
			runOnlyForDeploymentPostprocessing = 0;
		};
/* End PBXFrameworksBuildPhase section */

/* Begin PBXGroup section */
		A2398E8F177C9A4F0006940D = {
			isa = PBXGroup;
			children = (
				A216E4CE177E263D00EBFC66 /* MapKit.framework */,
				A2501AA9177E1A0A009AB272 /* CoreLocation.framework */,
				A2398EA1177C9A4F0006940D /* Whereami */,
				A2398E9A177C9A4F0006940D /* Frameworks */,
				A2398E99177C9A4F0006940D /* Products */,
			);
			sourceTree = "<group>";
		};
		A2398E99177C9A4F0006940D /* Products */ = {
			isa = PBXGroup;
			children = (
				A2398E98177C9A4F0006940D /* Whereami.app */,
			);
			name = Products;
			sourceTree = "<group>";
		};
		A2398E9A177C9A4F0006940D /* Frameworks */ = {
			isa = PBXGroup;
			children = (
				A2398E9B177C9A4F0006940D /* UIKit.framework */,
				A2398E9D177C9A4F0006940D /* Foundation.framework */,
				A2398E9F177C9A4F0006940D /* CoreGraphics.framework */,
			);
			name = Frameworks;
			sourceTree = "<group>";
		};
		A2398EA1177C9A4F0006940D /* Whereami */ = {
			isa = PBXGroup;
			children = (
				A2398EAA177C9A4F0006940D /* WhereamiAppDelegate.h */,
				A2398EAB177C9A4F0006940D /* WhereamiAppDelegate.m */,
				A2398EB3177C9A4F0006940D /* WhereamiViewController.h */,
				A2398EB4177C9A4F0006940D /* WhereamiViewController.m */,
				A2398EB6177C9A4F0006940D /* WhereamiViewController.xib */,
				A279A846179362A600E59021 /* WhereamiViewController~ipad.xib */,
				A216E4D0177E4A7900EBFC66 /* BNRMapPoint.h */,
				A216E4D1177E4A7900EBFC66 /* BNRMapPoint.m */,
				A2398EA2177C9A4F0006940D /* Supporting Files */,
			);
			path = Whereami;
			sourceTree = "<group>";
		};
		A2398EA2177C9A4F0006940D /* Supporting Files */ = {
			isa = PBXGroup;
			children = (
				A2398EA3177C9A4F0006940D /* Whereami-Info.plist */,
				A2398EA4177C9A4F0006940D /* InfoPlist.strings */,
				A2398EA7177C9A4F0006940D /* main.m */,
				A2398EA9177C9A4F0006940D /* Whereami-Prefix.pch */,
				A2398EAD177C9A4F0006940D /* Default.png */,
				A2398EAF177C9A4F0006940D /* Default@2x.png */,
				A2398EB1177C9A4F0006940D /* Default-568h@2x.png */,
			);
			name = "Supporting Files";
			sourceTree = "<group>";
		};
/* End PBXGroup section */

/* Begin PBXNativeTarget section */
		A2398E97177C9A4F0006940D /* Whereami */ = {
			isa = PBXNativeTarget;
			buildConfigurationList = A2398EBB177C9A4F0006940D /* Build configuration list for PBXNativeTarget "Whereami" */;
			buildPhases = (
				A2398E94177C9A4F0006940D /* Sources */,
				A2398E95177C9A4F0006940D /* Frameworks */,
				A2398E96177C9A4F0006940D /* Resources */,
			);
			buildRules = (
			);
			dependencies = (
			);
			name = Whereami;
			productName = Whereami;
			productReference = A2398E98177C9A4F0006940D /* Whereami.app */;
			productType = "com.apple.product-type.application";
		};
/* End PBXNativeTarget section */

/* Begin PBXProject section */
		A2398E90177C9A4F0006940D /* Project object */ = {
			isa = PBXProject;
			attributes = {
				CLASSPREFIX = Whereami;
				LastUpgradeCheck = 0460;
				ORGANIZATIONNAME = "Jorge Carpio";
			};
			buildConfigurationList = A2398E93177C9A4F0006940D /* Build configuration list for PBXProject "Whereami" */;
			compatibilityVersion = "Xcode 3.2";
			developmentRegion = English;
			hasScannedForEncodings = 0;
			knownRegions = (
				en,
			);
			mainGroup = A2398E8F177C9A4F0006940D;
			productRefGroup = A2398E99177C9A4F0006940D /* Products */;
			projectDirPath = "";
			projectRoot = "";
			targets = (
				A2398E97177C9A4F0006940D /* Whereami */,
			);
		};
/* End PBXProject section */

/* Begin PBXResourcesBuildPhase section */
		A2398E96177C9A4F0006940D /* Resources */ = {
			isa = PBXResourcesBuildPhase;
			buildActionMask = 2147483647;
			files = (
				A2398EA6177C9A4F0006940D /* InfoPlist.strings in Resources */,
				A279A847179362A600E59021 /* WhereamiViewController~ipad.xib in Resources */,
				A2398EAE177C9A4F0006940D /* Default.png in Resources */,
				A2398EB0177C9A4F0006940D /* Default@2x.png in Resources */,
				A2398EB2177C9A4F0006940D /* Default-568h@2x.png in Resources */,
				A2398EB8177C9A4F0006940D /* WhereamiViewController.xib in Resources */,
			);
			runOnlyForDeploymentPostprocessing = 0;
		};
/* End PBXResourcesBuildPhase section */

/* Begin PBXSourcesBuildPhase section */
		A2398E94177C9A4F0006940D /* Sources */ = {
			isa = PBXSourcesBuildPhase;
			buildActionMask = 2147483647;
			files = (
				A2398EA8177C9A4F0006940D /* main.m in Sources */,
				A2398EAC177C9A4F0006940D /* WhereamiAppDelegate.m in Sources */,
				A2398EB5177C9A4F0006940D /* WhereamiViewController.m in Sources */,
				A216E4D2177E4A7900EBFC66 /* BNRMapPoint.m in Sources */,
			);
			runOnlyForDeploymentPostprocessing = 0;
		};
/* End PBXSourcesBuildPhase section */

/* Begin PBXVariantGroup section */
		A2398EA4177C9A4F0006940D /* InfoPlist.strings */ = {
			isa = PBXVariantGroup;
			children = (
				A2398EA5177C9A4F0006940D /* en */,
			);
			name = InfoPlist.strings;
			sourceTree = "<group>";
		};
		A2398EB6177C9A4F0006940D /* WhereamiViewController.xib */ = {
			isa = PBXVariantGroup;
			children = (
				A2398EB7177C9A4F0006940D /* en */,
			);
			name = WhereamiViewController.xib;
			sourceTree = "<group>";
		};
/* End PBXVariantGroup section */

/* Begin XCBuildConfiguration section */
		A2398EB9177C9A4F0006940D /* Debug */ = {
			isa = XCBuildConfiguration;
			buildSettings = {
				ALWAYS_SEARCH_USER_PATHS = NO;
				CLANG_CXX_LANGUAGE_STANDARD = "gnu++0x";
				CLANG_CXX_LIBRARY = "libc++";
				CLANG_ENABLE_OBJC_ARC = YES;
				CLANG_WARN_CONSTANT_CONVERSION = YES;
				CLANG_WARN_EMPTY_BODY = YES;
				CLANG_WARN_ENUM_CONVERSION = YES;
				CLANG_WARN_INT_CONVERSION = YES;
				CLANG_WARN__DUPLICATE_METHOD_MATCH = YES;
				"CODE_SIGN_IDENTITY[sdk=iphoneos*]" = "iPhone Developer";
				COPY_PHASE_STRIP = NO;
				GCC_C_LANGUAGE_STANDARD = gnu99;
				GCC_DYNAMIC_NO_PIC = NO;
				GCC_OPTIMIZATION_LEVEL = 0;
				GCC_PREPROCESSOR_DEFINITIONS = (
					"DEBUG=1",
					"$(inherited)",
				);
				GCC_SYMBOLS_PRIVATE_EXTERN = NO;
				GCC_WARN_ABOUT_RETURN_TYPE = YES;
				GCC_WARN_UNINITIALIZED_AUTOS = YES;
				GCC_WARN_UNUSED_VARIABLE = YES;
				IPHONEOS_DEPLOYMENT_TARGET = 6.1;
				ONLY_ACTIVE_ARCH = YES;
				SDKROOT = iphoneos;
			};
			name = Debug;
		};
		A2398EBA177C9A4F0006940D /* Release */ = {
			isa = XCBuildConfiguration;
			buildSettings = {
				ALWAYS_SEARCH_USER_PATHS = NO;
				CLANG_CXX_LANGUAGE_STANDARD = "gnu++0x";
				CLANG_CXX_LIBRARY = "libc++";
				CLANG_ENABLE_OBJC_ARC = YES;
				CLANG_WARN_CONSTANT_CONVERSION = YES;
				CLANG_WARN_EMPTY_BODY = YES;
				CLANG_WARN_ENUM_CONVERSION = YES;
				CLANG_WARN_INT_CONVERSION = YES;
				CLANG_WARN__DUPLICATE_METHOD_MATCH = YES;
				"CODE_SIGN_IDENTITY[sdk=iphoneos*]" = "iPhone Developer";
				COPY_PHASE_STRIP = YES;
				GCC_C_LANGUAGE_STANDARD = gnu99;
				GCC_WARN_ABOUT_RETURN_TYPE = YES;
				GCC_WARN_UNINITIALIZED_AUTOS = YES;
				GCC_WARN_UNUSED_VARIABLE = YES;
				IPHONEOS_DEPLOYMENT_TARGET = 6.1;
				OTHER_CFLAGS = "-DNS_BLOCK_ASSERTIONS=1";
				SDKROOT = iphoneos;
				VALIDATE_PRODUCT = YES;
			};
			name = Release;
		};
		A2398EBC177C9A4F0006940D /* Debug */ = {
			isa = XCBuildConfiguration;
			buildSettings = {
				GCC_PRECOMPILE_PREFIX_HEADER = YES;
				GCC_PREFIX_HEADER = "Whereami/Whereami-Prefix.pch";
				INFOPLIST_FILE = "Whereami/Whereami-Info.plist";
				IPHONEOS_DEPLOYMENT_TARGET = 6.1;
				PRODUCT_NAME = "$(TARGET_NAME)";
				TARGETED_DEVICE_FAMILY = "1,2";
				WRAPPER_EXTENSION = app;
			};
			name = Debug;
		};
		A2398EBD177C9A4F0006940D /* Release */ = {
			isa = XCBuildConfiguration;
			buildSettings = {
				GCC_PRECOMPILE_PREFIX_HEADER = YES;
				GCC_PREFIX_HEADER = "Whereami/Whereami-Prefix.pch";
				INFOPLIST_FILE = "Whereami/Whereami-Info.plist";
				IPHONEOS_DEPLOYMENT_TARGET = 6.1;
				PRODUCT_NAME = "$(TARGET_NAME)";
				TARGETED_DEVICE_FAMILY = "1,2";
				WRAPPER_EXTENSION = app;
			};
			name = Release;
		};
/* End XCBuildConfiguration section */

/* Begin XCConfigurationList section */
		A2398E93177C9A4F0006940D /* Build configuration list for PBXProject "Whereami" */ = {
			isa = XCConfigurationList;
			buildConfigurations = (
				A2398EB9177C9A4F0006940D /* Debug */,
				A2398EBA177C9A4F0006940D /* Release */,
			);
			defaultConfigurationIsVisible = 0;
			defaultConfigurationName = Release;
		};
		A2398EBB177C9A4F0006940D /* Build configuration list for PBXNativeTarget "Whereami" */ = {
			isa = XCConfigurationList;
			buildConfigurations = (
				A2398EBC177C9A4F0006940D /* Debug */,
				A2398EBD177C9A4F0006940D /* Release */,
			);
			defaultConfigurationIsVisible = 0;
			defaultConfigurationName = Release;
		};
/* End XCConfigurationList section */
	};
	rootObject = A2398E90177C9A4F0006940D /* Project object */;
}
